
Microsoft Visual Studio Solution File, Format Version 12.00
# Visual Studio Version 17
VisualStudioVersion = 17.14.36616.10 d17.14
MinimumVisualStudioVersion = 10.0.40219.1
Project("{888888A0-9F3D-457C-B088-3A5042F75D52}") = "M5 Projects", "M5 Binary Expression Tree\M5 Projects.pyproj", "{C03293BF-FC8E-4808-A9DB-AFC2D7DB6FE3}"
EndProject
Project("{2150E333-8FDC-42A3-9474-1A3956D46DE8}") = "M5 Binary Expression Tree", "M5 Binary Expression Tree", "{2EF32240-23FC-403F-90B2-67B9353C5FBA}"
	ProjectSection(SolutionItems) = preProject
		M5 Binary Expression Tree\Expression Tree main.py = M5 Binary Expression Tree\Expression Tree main.py
		M5 Binary Expression Tree\M5_Binary_Expression_Tree.py = M5 Binary Expression Tree\M5_Binary_Expression_Tree.py
		M5_Binary_Expression_Tree.py = M5_Binary_Expression_Tree.py
		M5 Binary Expression Tree\stack.py = M5 Binary Expression Tree\stack.py
	EndProjectSection
EndProject
Global
	GlobalSection(SolutionConfigurationPlatforms) = preSolution
		Debug|Any CPU = Debug|Any CPU
		Release|Any CPU = Release|Any CPU
	EndGlobalSection
	GlobalSection(ProjectConfigurationPlatforms) = postSolution
		{C03293BF-FC8E-4808-A9DB-AFC2D7DB6FE3}.Debug|Any CPU.ActiveCfg = Debug|Any CPU
		{C03293BF-FC8E-4808-A9DB-AFC2D7DB6FE3}.Release|Any CPU.ActiveCfg = Release|Any CPU
	EndGlobalSection
	GlobalSection(SolutionProperties) = preSolution
		HideSolutionNode = FALSE
	EndGlobalSection
	GlobalSection(ExtensibilityGlobals) = postSolution
		SolutionGuid = {DB482270-4E88-47A5-B760-254E7C7B4D66}
	EndGlobalSection
EndGlobal
